
Microsoft Visual Studio Solution File, Format Version 12.00
# Visual Studio Version 17
VisualStudioVersion = 17.0.31903.59
MinimumVisualStudioVersion = 10.0.40219.1
Project("{FAE04EC0-301F-11D3-BF4B-00C04F79EFBC}") = "Day6", "Day6\Day6.csproj", "{F82AD26E-C1B1-45FA-B35A-6D12316092FC}"
EndProject
Global
	GlobalSection(SolutionConfigurationPlatforms) = preSolution
		Debug|Any CPU = Debug|Any CPU
		Release|Any CPU = Release|Any CPU
	EndGlobalSection
	GlobalSection(ProjectConfigurationPlatforms) = postSolution
		{F82AD26E-C1B1-45FA-B35A-6D12316092FC}.Debug|Any CPU.ActiveCfg = Debug|Any CPU
		{F82AD26E-C1B1-45FA-B35A-6D12316092FC}.Debug|Any CPU.Build.0 = Debug|Any CPU
		{F82AD26E-C1B1-45FA-B35A-6D12316092FC}.Release|Any CPU.ActiveCfg = Release|Any CPU
		{F82AD26E-C1B1-45FA-B35A-6D12316092FC}.Release|Any CPU.Build.0 = Release|Any CPU
	EndGlobalSection
	GlobalSection(SolutionProperties) = preSolution
		HideSolutionNode = FALSE
	EndGlobalSection
	GlobalSection(ExtensibilityGlobals) = postSolution
		SolutionGuid = {7204FB98-5EEB-42C1-B465-72BE7F5C0C57}
	EndGlobalSection
EndGlobal
